{
    "_readme": [
        "This file locks the dependencies of your project to a known state",
        "Read more about it at https://getcomposer.org/doc/01-basic-usage.md#composer-lock-the-lock-file",
        "This file is @generated automatically"
    ],
    "hash": "93fa7bfb5b3b6f7b8f0628ddaf2f0e13",
    "content-hash": "c08418fbf5fee9c70c95dcf4ccbd3c17",
    "packages": [
        {
            "name": "myclabs/php-enum",
            "version": "1.4.1",
            "source": {
                "type": "git",
                "url": "https://github.com/myclabs/php-enum.git",
                "reference": "07da9d1a7469941ae05b046193fac4c83bdb0d7e"
            },
            "dist": {
                "type": "zip",
                "url": "https://api.github.com/repos/myclabs/php-enum/zipball/07da9d1a7469941ae05b046193fac4c83bdb0d7e",
                "reference": "07da9d1a7469941ae05b046193fac4c83bdb0d7e",
                "shasum": ""
            },
            "require": {
                "php": ">=5.3"
            },
            "require-dev": {
                "phpunit/phpunit": "4.*",
                "squizlabs/php_codesniffer": "1.*"
            },
            "type": "library",
            "autoload": {
                "psr-4": {
                    "MyCLabs\\Enum\\": "src/"
                }
            },
            "notification-url": "https://packagist.org/downloads/",
            "license": [
                "MIT"
            ],
            "authors": [
                {
                    "name": "PHP Enum contributors",
                    "homepage": "https://github.com/myclabs/php-enum/graphs/contributors"
                }
            ],
            "description": "PHP Enum implementation",
            "homepage": "http://github.com/myclabs/php-enum",
            "keywords": [
                "enum"
            ],
            "time": "2015-07-22 16:14:03"
        },
        {
            "name": "pear/log",
            "version": "1.12.9",
            "source": {
                "type": "git",
                "url": "https://github.com/pear/Log.git",
                "reference": "81b5109b6d3689c85118429c6e3ddd99ad90e9b0"
            },
            "dist": {
                "type": "zip",
                "url": "https://api.github.com/repos/pear/Log/zipball/81b5109b6d3689c85118429c6e3ddd99ad90e9b0",
                "reference": "81b5109b6d3689c85118429c6e3ddd99ad90e9b0",
                "shasum": ""
            },
            "require": {
                "pear/pear_exception": "1.0.0",
                "php": ">5.2"
            },
            "require-dev": {
                "phpunit/phpunit": "*"
            },
            "suggest": {
                "pear/db": "Install optionally via your project's composer.json"
            },
            "type": "library",
            "autoload": {
                "psr-0": {
                    "Log": "./"
                }
            },
            "notification-url": "https://packagist.org/downloads/",
            "include-path": [
                ""
            ],
            "license": [
                "MIT"
            ],
            "authors": [
                {
                    "name": "Jon Parise",
                    "email": "jon@php.net",
                    "homepage": "http://www.indelible.org",
                    "role": "Developer"
                }
            ],
            "description": "PEAR Logging Framework",
            "homepage": "http://pear.github.io/Log/",
            "keywords": [
                "log",
                "logging"
            ],
            "time": "2015-06-14 21:18:47"
        },
        {
            "name": "pear/pear_exception",
            "version": "v1.0.0",
            "source": {
                "type": "git",
                "url": "https://github.com/pear/PEAR_Exception.git",
                "reference": "8c18719fdae000b690e3912be401c76e406dd13b"
            },
            "dist": {
                "type": "zip",
                "url": "https://api.github.com/repos/pear/PEAR_Exception/zipball/8c18719fdae000b690e3912be401c76e406dd13b",
                "reference": "8c18719fdae000b690e3912be401c76e406dd13b",
                "shasum": ""
            },
            "require": {
                "php": ">=4.4.0"
            },
            "require-dev": {
                "phpunit/phpunit": "*"
            },
            "type": "class",
            "extra": {
                "branch-alias": {
                    "dev-master": "1.0.x-dev"
                }
            },
            "autoload": {
                "psr-0": {
                    "PEAR": ""
                }
            },
            "notification-url": "https://packagist.org/downloads/",
            "include-path": [
                "."
            ],
            "license": [
                "BSD-2-Clause"
            ],
            "authors": [
                {
                    "name": "Helgi Thormar",
                    "email": "dufuz@php.net"
                },
                {
                    "name": "Greg Beaver",
                    "email": "cellog@php.net"
                }
            ],
            "description": "The PEAR Exception base class.",
            "homepage": "https://github.com/pear/PEAR_Exception",
            "keywords": [
                "exception"
            ],
            "time": "2015-02-10 20:07:52"
        },
        {
            "name": "roderik/pwgen-php",
            "version": "0.1.4",
            "source": {
                "type": "git",
                "url": "https://github.com/roderik/pwgen-php.git",
                "reference": "f17e1edbf9e1364ff1094f479173fd48e8eced13"
            },
            "dist": {
                "type": "zip",
                "url": "https://api.github.com/repos/roderik/pwgen-php/zipball/f17e1edbf9e1364ff1094f479173fd48e8eced13",
                "reference": "f17e1edbf9e1364ff1094f479173fd48e8eced13",
                "shasum": ""
            },
            "require": {
                "php": ">=5.3.3"
            },
            "type": "library",
            "autoload": {
                "psr-0": {
                    "PWGen": ""
                }
            },
            "notification-url": "https://packagist.org/downloads/",
            "license": [
                "GPL"
            ],
            "authors": [
                {
                    "name": "Theodore Ts'o",
                    "email": "tytso@alum.mit.edu"
                },
                {
                    "name": "Superwayne",
                    "email": "superwayne@superwayne.org"
                }
            ],
            "description": "pwgen-php is a simple PHP class which aims to clone the GNU pwgen functionality.",
            "keywords": [
                "generator",
                "password"
            ],
            "time": "2015-06-06 09:21:47"
        }
    ],
    "packages-dev": [],
    "aliases": [],
    "minimum-stability": "dev",
    "stability-flags": [],
    "prefer-stable": false,
    "prefer-lowest": false,
    "platform": [],
    "platform-dev": []
}
